
Microsoft Visual Studio Solution File, Format Version 12.00
# Visual Studio 15
VisualStudioVersion = 15.0.27703.2042
MinimumVisualStudioVersion = 10.0.40219.1
Project("{FAE04EC0-301F-11D3-BF4B-00C04F79EFBC}") = "TFLCodingChallenge", "TFLCodingChallenge\TFLCodingChallenge.csproj", "{C697A637-A34D-40AF-A49E-A931BBEFBE0C}"
EndProject
Project("{FAE04EC0-301F-11D3-BF4B-00C04F79EFBC}") = "TFLCodingChallenge.BusinessLayer", "TFLCodingChallenge.BusinessLayer\TFLCodingChallenge.BusinessLayer.csproj", "{F652C498-EEBD-489B-BFBF-E2473333E4F8}"
EndProject
Project("{FAE04EC0-301F-11D3-BF4B-00C04F79EFBC}") = "TFLCodingChallenge.Tests", "TFLCodingChallenge.Tests\TFLCodingChallenge.Tests.csproj", "{275D3759-FA11-42B4-99A7-37B8CF846A4B}"
EndProject
Project("{2150E333-8FDC-42A3-9474-1A3956D46DE8}") = "Solution Items", "Solution Items", "{F8F9CDE8-AB4D-41BF-BEE9-1045743A2B2C}"
	ProjectSection(SolutionItems) = preProject
		README.md = README.md
	EndProjectSection
EndProject
Global
	GlobalSection(SolutionConfigurationPlatforms) = preSolution
		Debug|Any CPU = Debug|Any CPU
		Release|Any CPU = Release|Any CPU
	EndGlobalSection
	GlobalSection(ProjectConfigurationPlatforms) = postSolution
		{C697A637-A34D-40AF-A49E-A931BBEFBE0C}.Debug|Any CPU.ActiveCfg = Debug|Any CPU
		{C697A637-A34D-40AF-A49E-A931BBEFBE0C}.Debug|Any CPU.Build.0 = Debug|Any CPU
		{C697A637-A34D-40AF-A49E-A931BBEFBE0C}.Release|Any CPU.ActiveCfg = Release|Any CPU
		{C697A637-A34D-40AF-A49E-A931BBEFBE0C}.Release|Any CPU.Build.0 = Release|Any CPU
		{F652C498-EEBD-489B-BFBF-E2473333E4F8}.Debug|Any CPU.ActiveCfg = Debug|Any CPU
		{F652C498-EEBD-489B-BFBF-E2473333E4F8}.Debug|Any CPU.Build.0 = Debug|Any CPU
		{F652C498-EEBD-489B-BFBF-E2473333E4F8}.Release|Any CPU.ActiveCfg = Release|Any CPU
		{F652C498-EEBD-489B-BFBF-E2473333E4F8}.Release|Any CPU.Build.0 = Release|Any CPU
		{275D3759-FA11-42B4-99A7-37B8CF846A4B}.Debug|Any CPU.ActiveCfg = Debug|Any CPU
		{275D3759-FA11-42B4-99A7-37B8CF846A4B}.Debug|Any CPU.Build.0 = Debug|Any CPU
		{275D3759-FA11-42B4-99A7-37B8CF846A4B}.Release|Any CPU.ActiveCfg = Release|Any CPU
		{275D3759-FA11-42B4-99A7-37B8CF846A4B}.Release|Any CPU.Build.0 = Release|Any CPU
	EndGlobalSection
	GlobalSection(SolutionProperties) = preSolution
		HideSolutionNode = FALSE
	EndGlobalSection
	GlobalSection(ExtensibilityGlobals) = postSolution
		SolutionGuid = {C3742C17-2F18-47CF-81BA-A54FAD45C1E9}
	EndGlobalSection
EndGlobal
